{
	"name": "@rhema/controller",
	"version": "0.0.0",
	"lockfileVersion": 1,
	"requires": true,
	"dependencies": {
		"@positron/stack-trace": {
			"version": "1.0.0",
			"resolved": "https://registry.npmjs.org/@positron/stack-trace/-/stack-trace-1.0.0.tgz",
			"integrity": "sha1-FPzHEqUwA475vhzmlSMVqDn0Zqg=",
			"dev": true
		},
		"ejs": {
			"version": "2.6.1",
			"resolved": "https://registry.npmjs.org/ejs/-/ejs-2.6.1.tgz",
			"integrity": "sha512-0xy4A/twfrRCnkhfk8ErDi5DqdAsAqeGxht4xkCUrsvhhbQNs7E+4jV0CN7+NKIY0aHE72+XvqtBIXzD31ZbXQ==",
			"dev": true
		},
		"escape-html": {
			"version": "1.0.3",
			"resolved": "https://registry.npmjs.org/escape-html/-/escape-html-1.0.3.tgz",
			"integrity": "sha1-Aljq5NPQwJdN4cFpGI7wBR0dGYg=",
			"dev": true
		},
		"lodash": {
			"version": "3.10.1",
			"resolved": "http://registry.npmjs.org/lodash/-/lodash-3.10.1.tgz",
			"integrity": "sha1-W/Rejkm6QYnhfUgnid/RW9FAt7Y=",
			"dev": true
		},
		"ouch": {
			"version": "1.1.0",
			"resolved": "https://registry.npmjs.org/ouch/-/ouch-1.1.0.tgz",
			"integrity": "sha512-lYyf1ZX9GqmPLRQAc8fVp6Vs8ErRDcMIlhb/IewKGm0mbmCF4G/smJFycHPKKXeyOJuatcCBqhDEL8PEVPFLjQ==",
			"dev": true,
			"requires": {
				"@positron/stack-trace": "1.0.0",
				"ejs": "^2.3.1",
				"escape-html": "^1.0.1",
				"lodash": "^3.3.1"
			}
		}
	}
}
