{
	"name": "@rhema/middleware",
	"version": "0.0.0",
	"lockfileVersion": 1,
	"requires": true,
	"dependencies": {
		"@positron/stack-trace": {
			"version": "1.0.0",
			"resolved": "https://registry.npmjs.org/@positron/stack-trace/-/stack-trace-1.0.0.tgz",
			"integrity": "sha1-FPzHEqUwA475vhzmlSMVqDn0Zqg=",
			"dev": true
		},
		"basic-auth": {
			"version": "2.0.0",
			"resolved": "https://registry.npmjs.org/basic-auth/-/basic-auth-2.0.0.tgz",
			"integrity": "sha1-AV2z81PgLlY3d1X5YnQuiYHnu7o=",
			"requires": {
				"safe-buffer": "5.1.1"
			}
		},
		"camel-case": {
			"version": "3.0.0",
			"resolved": "https://registry.npmjs.org/camel-case/-/camel-case-3.0.0.tgz",
			"integrity": "sha1-yjw2iKTpzzpM2nd9xNy8cTJJz3M=",
			"requires": {
				"no-case": "^2.2.0",
				"upper-case": "^1.1.1"
			}
		},
		"clean-css": {
			"version": "4.1.11",
			"resolved": "https://registry.npmjs.org/clean-css/-/clean-css-4.1.11.tgz",
			"integrity": "sha1-Ls3xRaujj1R0DybO/Q/z4D4SXWo=",
			"requires": {
				"source-map": "0.5.x"
			}
		},
		"commander": {
			"version": "2.15.1",
			"resolved": "https://registry.npmjs.org/commander/-/commander-2.15.1.tgz",
			"integrity": "sha512-VlfT9F3V0v+jr4yxPc5gg9s62/fIVWsd2Bk2iD435um1NlGMYdVCq+MjcXnhYq2icNOizHr1kK+5TI6H0Hy0ag=="
		},
		"cssfilter": {
			"version": "0.0.10",
			"resolved": "https://registry.npmjs.org/cssfilter/-/cssfilter-0.0.10.tgz",
			"integrity": "sha1-xtJnJjKi5cg+AT5oZKQs6N79IK4="
		},
		"ejs": {
			"version": "2.6.1",
			"resolved": "https://registry.npmjs.org/ejs/-/ejs-2.6.1.tgz",
			"integrity": "sha512-0xy4A/twfrRCnkhfk8ErDi5DqdAsAqeGxht4xkCUrsvhhbQNs7E+4jV0CN7+NKIY0aHE72+XvqtBIXzD31ZbXQ==",
			"dev": true
		},
		"escape-html": {
			"version": "1.0.3",
			"resolved": "https://registry.npmjs.org/escape-html/-/escape-html-1.0.3.tgz",
			"integrity": "sha1-Aljq5NPQwJdN4cFpGI7wBR0dGYg=",
			"dev": true
		},
		"etag": {
			"version": "1.8.1",
			"resolved": "https://registry.npmjs.org/etag/-/etag-1.8.1.tgz",
			"integrity": "sha1-Qa4u62XvpiJorr/qg6x9eSmbCIc="
		},
		"fresh": {
			"version": "0.5.2",
			"resolved": "https://registry.npmjs.org/fresh/-/fresh-0.5.2.tgz",
			"integrity": "sha1-PYyt2Q2XZWn6g1qx+OSyOhBWBac="
		},
		"he": {
			"version": "1.1.1",
			"resolved": "https://registry.npmjs.org/he/-/he-1.1.1.tgz",
			"integrity": "sha1-k0EP0hsAlzUVH4howvJx80J+I/0="
		},
		"html-minifier": {
			"version": "3.5.16",
			"resolved": "https://registry.npmjs.org/html-minifier/-/html-minifier-3.5.16.tgz",
			"integrity": "sha512-zP5EfLSpiLRp0aAgud4CQXPQZm9kXwWjR/cF0PfdOj+jjWnOaCgeZcll4kYXSvIBPeUMmyaSc7mM4IDtA+kboA==",
			"requires": {
				"camel-case": "3.0.x",
				"clean-css": "4.1.x",
				"commander": "2.15.x",
				"he": "1.1.x",
				"param-case": "2.1.x",
				"relateurl": "0.2.x",
				"uglify-js": "3.3.x"
			}
		},
		"json-markup": {
			"version": "1.1.0",
			"resolved": "http://registry.npmjs.org/json-markup/-/json-markup-1.1.0.tgz",
			"integrity": "sha1-SrHNpOm5+jxzdglP+sPvHU5Vxgc="
		},
		"lodash": {
			"version": "4.17.10",
			"resolved": "https://registry.npmjs.org/lodash/-/lodash-4.17.10.tgz",
			"integrity": "sha512-UejweD1pDoXu+AD825lWwp4ZGtSwgnpZxb3JDViD7StjQz+Nb/6l093lx4OQ0foGWNRoc19mWy7BzL+UAK2iVg=="
		},
		"lower-case": {
			"version": "1.1.4",
			"resolved": "https://registry.npmjs.org/lower-case/-/lower-case-1.1.4.tgz",
			"integrity": "sha1-miyr0bno4K6ZOkv31YdcOcQujqw="
		},
		"ms": {
			"version": "2.1.1",
			"resolved": "https://registry.npmjs.org/ms/-/ms-2.1.1.tgz",
			"integrity": "sha512-tgp+dl5cGk28utYktBsrFqA7HKgrhgPsg6Z/EfhWI4gl1Hwq8B/GmY/0oXZ6nF8hDVesS/FpnYaD/kOWhYQvyg=="
		},
		"no-case": {
			"version": "2.3.2",
			"resolved": "https://registry.npmjs.org/no-case/-/no-case-2.3.2.tgz",
			"integrity": "sha512-rmTZ9kz+f3rCvK2TD1Ue/oZlns7OGoIWP4fc3llxxRXlOkHKoWPPWJOfFYpITabSow43QJbRIoHQXtt10VldyQ==",
			"requires": {
				"lower-case": "^1.1.1"
			}
		},
		"on-headers": {
			"version": "1.0.1",
			"resolved": "https://registry.npmjs.org/on-headers/-/on-headers-1.0.1.tgz",
			"integrity": "sha1-ko9dD0cNSTQmUepnlLCFfBAGk/c="
		},
		"ouch": {
			"version": "1.1.0",
			"resolved": "https://registry.npmjs.org/ouch/-/ouch-1.1.0.tgz",
			"integrity": "sha512-lYyf1ZX9GqmPLRQAc8fVp6Vs8ErRDcMIlhb/IewKGm0mbmCF4G/smJFycHPKKXeyOJuatcCBqhDEL8PEVPFLjQ==",
			"dev": true,
			"requires": {
				"@positron/stack-trace": "1.0.0",
				"ejs": "^2.3.1",
				"escape-html": "^1.0.1",
				"lodash": "^3.3.1"
			},
			"dependencies": {
				"lodash": {
					"version": "3.10.1",
					"resolved": "http://registry.npmjs.org/lodash/-/lodash-3.10.1.tgz",
					"integrity": "sha1-W/Rejkm6QYnhfUgnid/RW9FAt7Y=",
					"dev": true
				}
			}
		},
		"param-case": {
			"version": "2.1.1",
			"resolved": "https://registry.npmjs.org/param-case/-/param-case-2.1.1.tgz",
			"integrity": "sha1-35T9jPZTHs915r75oIWPvHK+Ikc=",
			"requires": {
				"no-case": "^2.2.0"
			}
		},
		"parseurl": {
			"version": "1.3.2",
			"resolved": "https://registry.npmjs.org/parseurl/-/parseurl-1.3.2.tgz",
			"integrity": "sha1-/CidTtiZMRlGDBViUyYs3I3mW/M="
		},
		"relateurl": {
			"version": "0.2.7",
			"resolved": "https://registry.npmjs.org/relateurl/-/relateurl-0.2.7.tgz",
			"integrity": "sha1-VNvzd+UUQKypCkzSdGANP/LYiKk="
		},
		"safe-buffer": {
			"version": "5.1.1",
			"resolved": "https://registry.npmjs.org/safe-buffer/-/safe-buffer-5.1.1.tgz",
			"integrity": "sha512-kKvNJn6Mm93gAczWVJg7wH+wGYWNrDHdWvpUmHyEsgCtIwwo3bqPtV4tR5tuPaUhTOo/kvhVwd8XwwOllGYkbg=="
		},
		"source-map": {
			"version": "0.5.7",
			"resolved": "https://registry.npmjs.org/source-map/-/source-map-0.5.7.tgz",
			"integrity": "sha1-igOdLRAh0i0eoUyA2OpGi6LvP8w="
		},
		"uglify-js": {
			"version": "3.3.28",
			"resolved": "https://registry.npmjs.org/uglify-js/-/uglify-js-3.3.28.tgz",
			"integrity": "sha512-68Rc/aA6cswiaQ5SrE979UJcXX+ADA1z33/ZsPd+fbAiVdjZ16OXdbtGO+rJUUBgK6qdf3SOPhQf3K/ybF5Miw==",
			"requires": {
				"commander": "~2.15.0",
				"source-map": "~0.6.1"
			},
			"dependencies": {
				"source-map": {
					"version": "0.6.1",
					"resolved": "https://registry.npmjs.org/source-map/-/source-map-0.6.1.tgz",
					"integrity": "sha512-UjgapumWlbMhkBgzT7Ykc5YXUT46F0iKu8SGXq0bcwP5dz/h0Plj6enJqjz1Zbq2l5WaqYnrVbwWOWMyF3F47g=="
				}
			}
		},
		"upper-case": {
			"version": "1.1.3",
			"resolved": "https://registry.npmjs.org/upper-case/-/upper-case-1.1.3.tgz",
			"integrity": "sha1-9rRQHC7EzdJrp4vnIilh3ndiFZg="
		},
		"uuid": {
			"version": "3.2.1",
			"resolved": "https://registry.npmjs.org/uuid/-/uuid-3.2.1.tgz",
			"integrity": "sha512-jZnMwlb9Iku/O3smGWvZhauCf6cvvpKi4BKRiliS3cxnI+Gz9j5MEpTz2UFuXiKPJocb7gnsLHwiS05ige5BEA=="
		},
		"xss": {
			"version": "0.3.8",
			"resolved": "https://registry.npmjs.org/xss/-/xss-0.3.8.tgz",
			"integrity": "sha512-OCD6A7FaqZt7tUAnIpAlpcMlZpWUrfV+nBYrBfrgtcYf2eEv2qnCBqpkmxWR479piPSyTsFAKO/+LckiWpCXsQ==",
			"requires": {
				"commander": "^2.9.0",
				"cssfilter": "0.0.10"
			}
		}
	}
}
