{
	"name": "@rhema/os",
	"version": "0.0.0",
	"lockfileVersion": 1,
	"requires": true,
	"dependencies": {
		"async": {
			"version": "0.2.10",
			"resolved": "https://registry.npmjs.org/async/-/async-0.2.10.tgz",
			"integrity": "sha1-trvgsGdLnXGXCMo43owjfLUmw9E="
		},
		"nodejs-disks": {
			"version": "0.2.1",
			"resolved": "https://registry.npmjs.org/nodejs-disks/-/nodejs-disks-0.2.1.tgz",
			"integrity": "sha1-i9TP+N2uHiBZ8hBPFMM09bIfufE=",
			"requires": {
				"async": "~0.2.9",
				"numeral": "~1.4.8"
			}
		},
		"numeral": {
			"version": "1.4.8",
			"resolved": "http://registry.npmjs.org/numeral/-/numeral-1.4.8.tgz",
			"integrity": "sha1-M1XhdQafeychV0EmeJkW0C280x0="
		}
	}
}
